
Microsoft Visual Studio Solution File, Format Version 12.00
# Visual Studio Version 16
VisualStudioVersion = 16.0.30621.155
MinimumVisualStudioVersion = 10.0.40219.1
Project("{888888A0-9F3D-457C-B088-3A5042F75D52}") = "locallibrary", "locallibrary\locallibrary.pyproj", "{CDC99612-8B91-41EE-BD44-E4166773530F}"
EndProject
Global
	GlobalSection(SolutionConfigurationPlatforms) = preSolution
		Debug|Any CPU = Debug|Any CPU
		Release|Any CPU = Release|Any CPU
	EndGlobalSection
	GlobalSection(ProjectConfigurationPlatforms) = postSolution
		{CDC99612-8B91-41EE-BD44-E4166773530F}.Debug|Any CPU.ActiveCfg = Debug|Any CPU
		{CDC99612-8B91-41EE-BD44-E4166773530F}.Debug|Any CPU.Build.0 = Debug|Any CPU
		{CDC99612-8B91-41EE-BD44-E4166773530F}.Release|Any CPU.ActiveCfg = Release|Any CPU
		{CDC99612-8B91-41EE-BD44-E4166773530F}.Release|Any CPU.Build.0 = Release|Any CPU
	EndGlobalSection
	GlobalSection(SolutionProperties) = preSolution
		HideSolutionNode = FALSE
	EndGlobalSection
	GlobalSection(ExtensibilityGlobals) = postSolution
		SolutionGuid = {EF137DE3-EC23-455D-835B-B3B48B3CB62F}
	EndGlobalSection
EndGlobal
